
Microsoft Visual Studio Solution File, Format Version 12.00
Project("{2150E333-8FDC-42A3-9474-1A3956D46DE8}") = "Services", "Services", "{512FA1F7-64BF-4BB8-B38E-0C23C1E0BD2A}"
EndProject
Project("{2150E333-8FDC-42A3-9474-1A3956D46DE8}") = "SharedKernel", "SharedKernel", "{953FF020-CCA3-4E7B-8919-2EBF1D3BBC1A}"
EndProject
Project("{2150E333-8FDC-42A3-9474-1A3956D46DE8}") = "OrderService", "OrderService", "{8D992B8B-96AE-4C22-8289-D088A8A5625D}"
EndProject
Project("{FAE04EC0-301F-11D3-BF4B-00C04F79EFBC}") = "Order.Api", "Order.Api\Order.Api.csproj", "{9BF33137-E3AD-457C-9A69-D0B449CBCBE7}"
EndProject
Project("{FAE04EC0-301F-11D3-BF4B-00C04F79EFBC}") = "Order.Application", "Order.Application\Order.Application.csproj", "{697072E3-33E2-473C-BE4F-3FC1A5DC4183}"
EndProject
Project("{FAE04EC0-301F-11D3-BF4B-00C04F79EFBC}") = "Order.Domain", "Order.Domain\Order.Domain.csproj", "{F2002448-42A3-4ACC-80E9-6638C7CF52CD}"
EndProject
Project("{FAE04EC0-301F-11D3-BF4B-00C04F79EFBC}") = "Order.Infrastructure", "Order.Infrastructure\Order.Infrastructure.csproj", "{E950DCD9-23EA-447D-B711-1A1D561405F0}"
EndProject
Project("{FAE04EC0-301F-11D3-BF4B-00C04F79EFBC}") = "Shared", "Shared\Shared.csproj", "{2C0BC053-854E-4AB0-AFB1-D37BC41CF458}"
EndProject
Project("{2150E333-8FDC-42A3-9474-1A3956D46DE8}") = "StockService", "StockService", "{B9B595C9-88A0-41D7-BB78-D90621113095}"
EndProject
Project("{FAE04EC0-301F-11D3-BF4B-00C04F79EFBC}") = "Stock.Entities", "Stock.Entities\Stock.Entities.csproj", "{2992150A-091A-47E1-B89B-0EA3104C4BA5}"
EndProject
Project("{FAE04EC0-301F-11D3-BF4B-00C04F79EFBC}") = "Stock.Repositories", "Stock.Repositories\Stock.Repositories.csproj", "{25A69089-BC06-4413-B708-E3FDCD49B884}"
EndProject
Project("{FAE04EC0-301F-11D3-BF4B-00C04F79EFBC}") = "Stock.Services", "Stock.Services\Stock.Services.csproj", "{D0BB0C69-F266-43C7-8898-C2E3F64BB835}"
EndProject
Project("{FAE04EC0-301F-11D3-BF4B-00C04F79EFBC}") = "Stock.Messaging", "Stock.Messaging\Stock.Messaging.csproj", "{4046583D-2BF4-4563-9774-FA1874CE2D6C}"
EndProject
Project("{FAE04EC0-301F-11D3-BF4B-00C04F79EFBC}") = "Stock.Api", "Stock.Api\Stock.Api.csproj", "{15253275-FECB-4F2F-901C-634766AD8DDB}"
EndProject
Project("{2150E333-8FDC-42A3-9474-1A3956D46DE8}") = "PaymentService", "PaymentService", "{F81F05AC-83E7-4264-B345-35EA16AC4204}"
EndProject
Project("{2150E333-8FDC-42A3-9474-1A3956D46DE8}") = "src", "src", "{EC56616E-A41A-4E99-9D0D-8DCEB8A9B4BA}"
EndProject
Project("{2150E333-8FDC-42A3-9474-1A3956D46DE8}") = "test", "test", "{9CE95D18-8C46-4826-81C4-B77B3F36FD26}"
EndProject
Project("{2150E333-8FDC-42A3-9474-1A3956D46DE8}") = "Core", "Core", "{7FA87018-12F1-4128-B59C-D9AF39D7F31E}"
EndProject
Project("{2150E333-8FDC-42A3-9474-1A3956D46DE8}") = "Infrastructure", "Infrastructure", "{50C7440D-2A4B-4357-9541-152EEA806985}"
EndProject
Project("{2150E333-8FDC-42A3-9474-1A3956D46DE8}") = "Presentation", "Presentation", "{3B66C183-9441-400B-8E1F-A2FB69D1085F}"
EndProject
Project("{FAE04EC0-301F-11D3-BF4B-00C04F79EFBC}") = "Payment.Application", "Payment.Application\Payment.Application.csproj", "{5081FB9D-B8B1-4C04-8C97-F1D81E2C7C63}"
EndProject
Project("{FAE04EC0-301F-11D3-BF4B-00C04F79EFBC}") = "Payment.Api", "Payment.Api\Payment.Api.csproj", "{AC95B011-64A6-4796-8F09-BCD51F8FDF22}"
EndProject
Project("{FAE04EC0-301F-11D3-BF4B-00C04F79EFBC}") = "Payment.Messaging", "Payment.Messaging\Payment.Messaging.csproj", "{597C34BF-945C-44BC-8DFE-C4850FADC1F2}"
EndProject
Global
	GlobalSection(SolutionConfigurationPlatforms) = preSolution
		Debug|Any CPU = Debug|Any CPU
		Release|Any CPU = Release|Any CPU
	EndGlobalSection
	GlobalSection(ProjectConfigurationPlatforms) = postSolution
		{9BF33137-E3AD-457C-9A69-D0B449CBCBE7}.Debug|Any CPU.ActiveCfg = Debug|Any CPU
		{9BF33137-E3AD-457C-9A69-D0B449CBCBE7}.Debug|Any CPU.Build.0 = Debug|Any CPU
		{9BF33137-E3AD-457C-9A69-D0B449CBCBE7}.Release|Any CPU.ActiveCfg = Release|Any CPU
		{9BF33137-E3AD-457C-9A69-D0B449CBCBE7}.Release|Any CPU.Build.0 = Release|Any CPU
		{697072E3-33E2-473C-BE4F-3FC1A5DC4183}.Debug|Any CPU.ActiveCfg = Debug|Any CPU
		{697072E3-33E2-473C-BE4F-3FC1A5DC4183}.Debug|Any CPU.Build.0 = Debug|Any CPU
		{697072E3-33E2-473C-BE4F-3FC1A5DC4183}.Release|Any CPU.ActiveCfg = Release|Any CPU
		{697072E3-33E2-473C-BE4F-3FC1A5DC4183}.Release|Any CPU.Build.0 = Release|Any CPU
		{F2002448-42A3-4ACC-80E9-6638C7CF52CD}.Debug|Any CPU.ActiveCfg = Debug|Any CPU
		{F2002448-42A3-4ACC-80E9-6638C7CF52CD}.Debug|Any CPU.Build.0 = Debug|Any CPU
		{F2002448-42A3-4ACC-80E9-6638C7CF52CD}.Release|Any CPU.ActiveCfg = Release|Any CPU
		{F2002448-42A3-4ACC-80E9-6638C7CF52CD}.Release|Any CPU.Build.0 = Release|Any CPU
		{E950DCD9-23EA-447D-B711-1A1D561405F0}.Debug|Any CPU.ActiveCfg = Debug|Any CPU
		{E950DCD9-23EA-447D-B711-1A1D561405F0}.Debug|Any CPU.Build.0 = Debug|Any CPU
		{E950DCD9-23EA-447D-B711-1A1D561405F0}.Release|Any CPU.ActiveCfg = Release|Any CPU
		{E950DCD9-23EA-447D-B711-1A1D561405F0}.Release|Any CPU.Build.0 = Release|Any CPU
		{2C0BC053-854E-4AB0-AFB1-D37BC41CF458}.Debug|Any CPU.ActiveCfg = Debug|Any CPU
		{2C0BC053-854E-4AB0-AFB1-D37BC41CF458}.Debug|Any CPU.Build.0 = Debug|Any CPU
		{2C0BC053-854E-4AB0-AFB1-D37BC41CF458}.Release|Any CPU.ActiveCfg = Release|Any CPU
		{2C0BC053-854E-4AB0-AFB1-D37BC41CF458}.Release|Any CPU.Build.0 = Release|Any CPU
		{2992150A-091A-47E1-B89B-0EA3104C4BA5}.Debug|Any CPU.ActiveCfg = Debug|Any CPU
		{2992150A-091A-47E1-B89B-0EA3104C4BA5}.Debug|Any CPU.Build.0 = Debug|Any CPU
		{2992150A-091A-47E1-B89B-0EA3104C4BA5}.Release|Any CPU.ActiveCfg = Release|Any CPU
		{2992150A-091A-47E1-B89B-0EA3104C4BA5}.Release|Any CPU.Build.0 = Release|Any CPU
		{25A69089-BC06-4413-B708-E3FDCD49B884}.Debug|Any CPU.ActiveCfg = Debug|Any CPU
		{25A69089-BC06-4413-B708-E3FDCD49B884}.Debug|Any CPU.Build.0 = Debug|Any CPU
		{25A69089-BC06-4413-B708-E3FDCD49B884}.Release|Any CPU.ActiveCfg = Release|Any CPU
		{25A69089-BC06-4413-B708-E3FDCD49B884}.Release|Any CPU.Build.0 = Release|Any CPU
		{D0BB0C69-F266-43C7-8898-C2E3F64BB835}.Debug|Any CPU.ActiveCfg = Debug|Any CPU
		{D0BB0C69-F266-43C7-8898-C2E3F64BB835}.Debug|Any CPU.Build.0 = Debug|Any CPU
		{D0BB0C69-F266-43C7-8898-C2E3F64BB835}.Release|Any CPU.ActiveCfg = Release|Any CPU
		{D0BB0C69-F266-43C7-8898-C2E3F64BB835}.Release|Any CPU.Build.0 = Release|Any CPU
		{4046583D-2BF4-4563-9774-FA1874CE2D6C}.Debug|Any CPU.ActiveCfg = Debug|Any CPU
		{4046583D-2BF4-4563-9774-FA1874CE2D6C}.Debug|Any CPU.Build.0 = Debug|Any CPU
		{4046583D-2BF4-4563-9774-FA1874CE2D6C}.Release|Any CPU.ActiveCfg = Release|Any CPU
		{4046583D-2BF4-4563-9774-FA1874CE2D6C}.Release|Any CPU.Build.0 = Release|Any CPU
		{15253275-FECB-4F2F-901C-634766AD8DDB}.Debug|Any CPU.ActiveCfg = Debug|Any CPU
		{15253275-FECB-4F2F-901C-634766AD8DDB}.Debug|Any CPU.Build.0 = Debug|Any CPU
		{15253275-FECB-4F2F-901C-634766AD8DDB}.Release|Any CPU.ActiveCfg = Release|Any CPU
		{15253275-FECB-4F2F-901C-634766AD8DDB}.Release|Any CPU.Build.0 = Release|Any CPU
		{5081FB9D-B8B1-4C04-8C97-F1D81E2C7C63}.Debug|Any CPU.ActiveCfg = Debug|Any CPU
		{5081FB9D-B8B1-4C04-8C97-F1D81E2C7C63}.Debug|Any CPU.Build.0 = Debug|Any CPU
		{5081FB9D-B8B1-4C04-8C97-F1D81E2C7C63}.Release|Any CPU.ActiveCfg = Release|Any CPU
		{5081FB9D-B8B1-4C04-8C97-F1D81E2C7C63}.Release|Any CPU.Build.0 = Release|Any CPU
		{AC95B011-64A6-4796-8F09-BCD51F8FDF22}.Debug|Any CPU.ActiveCfg = Debug|Any CPU
		{AC95B011-64A6-4796-8F09-BCD51F8FDF22}.Debug|Any CPU.Build.0 = Debug|Any CPU
		{AC95B011-64A6-4796-8F09-BCD51F8FDF22}.Release|Any CPU.ActiveCfg = Release|Any CPU
		{AC95B011-64A6-4796-8F09-BCD51F8FDF22}.Release|Any CPU.Build.0 = Release|Any CPU
		{597C34BF-945C-44BC-8DFE-C4850FADC1F2}.Debug|Any CPU.ActiveCfg = Debug|Any CPU
		{597C34BF-945C-44BC-8DFE-C4850FADC1F2}.Debug|Any CPU.Build.0 = Debug|Any CPU
		{597C34BF-945C-44BC-8DFE-C4850FADC1F2}.Release|Any CPU.ActiveCfg = Release|Any CPU
		{597C34BF-945C-44BC-8DFE-C4850FADC1F2}.Release|Any CPU.Build.0 = Release|Any CPU
	EndGlobalSection
	GlobalSection(NestedProjects) = preSolution
		{8D992B8B-96AE-4C22-8289-D088A8A5625D} = {512FA1F7-64BF-4BB8-B38E-0C23C1E0BD2A}
		{9BF33137-E3AD-457C-9A69-D0B449CBCBE7} = {8D992B8B-96AE-4C22-8289-D088A8A5625D}
		{697072E3-33E2-473C-BE4F-3FC1A5DC4183} = {8D992B8B-96AE-4C22-8289-D088A8A5625D}
		{F2002448-42A3-4ACC-80E9-6638C7CF52CD} = {8D992B8B-96AE-4C22-8289-D088A8A5625D}
		{E950DCD9-23EA-447D-B711-1A1D561405F0} = {8D992B8B-96AE-4C22-8289-D088A8A5625D}
		{2C0BC053-854E-4AB0-AFB1-D37BC41CF458} = {953FF020-CCA3-4E7B-8919-2EBF1D3BBC1A}
		{B9B595C9-88A0-41D7-BB78-D90621113095} = {512FA1F7-64BF-4BB8-B38E-0C23C1E0BD2A}
		{2992150A-091A-47E1-B89B-0EA3104C4BA5} = {B9B595C9-88A0-41D7-BB78-D90621113095}
		{25A69089-BC06-4413-B708-E3FDCD49B884} = {B9B595C9-88A0-41D7-BB78-D90621113095}
		{D0BB0C69-F266-43C7-8898-C2E3F64BB835} = {B9B595C9-88A0-41D7-BB78-D90621113095}
		{4046583D-2BF4-4563-9774-FA1874CE2D6C} = {B9B595C9-88A0-41D7-BB78-D90621113095}
		{15253275-FECB-4F2F-901C-634766AD8DDB} = {B9B595C9-88A0-41D7-BB78-D90621113095}
		{F81F05AC-83E7-4264-B345-35EA16AC4204} = {512FA1F7-64BF-4BB8-B38E-0C23C1E0BD2A}
		{EC56616E-A41A-4E99-9D0D-8DCEB8A9B4BA} = {F81F05AC-83E7-4264-B345-35EA16AC4204}
		{9CE95D18-8C46-4826-81C4-B77B3F36FD26} = {F81F05AC-83E7-4264-B345-35EA16AC4204}
		{7FA87018-12F1-4128-B59C-D9AF39D7F31E} = {EC56616E-A41A-4E99-9D0D-8DCEB8A9B4BA}
		{50C7440D-2A4B-4357-9541-152EEA806985} = {EC56616E-A41A-4E99-9D0D-8DCEB8A9B4BA}
		{3B66C183-9441-400B-8E1F-A2FB69D1085F} = {EC56616E-A41A-4E99-9D0D-8DCEB8A9B4BA}
		{5081FB9D-B8B1-4C04-8C97-F1D81E2C7C63} = {7FA87018-12F1-4128-B59C-D9AF39D7F31E}
		{AC95B011-64A6-4796-8F09-BCD51F8FDF22} = {3B66C183-9441-400B-8E1F-A2FB69D1085F}
		{597C34BF-945C-44BC-8DFE-C4850FADC1F2} = {50C7440D-2A4B-4357-9541-152EEA806985}
	EndGlobalSection
EndGlobal
