
Microsoft Visual Studio Solution File, Format Version 12.00
Project("{2150E333-8FDC-42A3-9474-1A3956D46DE8}") = "Services", "Services", "{512FA1F7-64BF-4BB8-B38E-0C23C1E0BD2A}"
EndProject
Project("{2150E333-8FDC-42A3-9474-1A3956D46DE8}") = "SharedKernel", "SharedKernel", "{953FF020-CCA3-4E7B-8919-2EBF1D3BBC1A}"
EndProject
Project("{2150E333-8FDC-42A3-9474-1A3956D46DE8}") = "OrderService", "OrderService", "{8D992B8B-96AE-4C22-8289-D088A8A5625D}"
EndProject
Project("{FAE04EC0-301F-11D3-BF4B-00C04F79EFBC}") = "Order.Api", "Order.Api\Order.Api.csproj", "{9BF33137-E3AD-457C-9A69-D0B449CBCBE7}"
EndProject
Project("{FAE04EC0-301F-11D3-BF4B-00C04F79EFBC}") = "Order.Application", "Order.Application\Order.Application.csproj", "{697072E3-33E2-473C-BE4F-3FC1A5DC4183}"
EndProject
Project("{FAE04EC0-301F-11D3-BF4B-00C04F79EFBC}") = "Order.Domain", "Order.Domain\Order.Domain.csproj", "{F2002448-42A3-4ACC-80E9-6638C7CF52CD}"
EndProject
Project("{FAE04EC0-301F-11D3-BF4B-00C04F79EFBC}") = "Order.Infrastructure", "Order.Infrastructure\Order.Infrastructure.csproj", "{E950DCD9-23EA-447D-B711-1A1D561405F0}"
EndProject
Project("{FAE04EC0-301F-11D3-BF4B-00C04F79EFBC}") = "Shared", "Shared\Shared.csproj", "{2C0BC053-854E-4AB0-AFB1-D37BC41CF458}"
EndProject
Project("{2150E333-8FDC-42A3-9474-1A3956D46DE8}") = "StockService", "StockService", "{B9B595C9-88A0-41D7-BB78-D90621113095}"
EndProject
Project("{FAE04EC0-301F-11D3-BF4B-00C04F79EFBC}") = "Stock.Entities", "Stock.Entities\Stock.Entities.csproj", "{2992150A-091A-47E1-B89B-0EA3104C4BA5}"
EndProject
Project("{FAE04EC0-301F-11D3-BF4B-00C04F79EFBC}") = "Stock.Repositories", "Stock.Repositories\Stock.Repositories.csproj", "{25A69089-BC06-4413-B708-E3FDCD49B884}"
EndProject
Project("{FAE04EC0-301F-11D3-BF4B-00C04F79EFBC}") = "Stock.Services", "Stock.Services\Stock.Services.csproj", "{D0BB0C69-F266-43C7-8898-C2E3F64BB835}"
EndProject
Project("{FAE04EC0-301F-11D3-BF4B-00C04F79EFBC}") = "Stock.Messaging", "Stock.Messaging\Stock.Messaging.csproj", "{4046583D-2BF4-4563-9774-FA1874CE2D6C}"
EndProject
Project("{FAE04EC0-301F-11D3-BF4B-00C04F79EFBC}") = "Stock.Api", "Stock.Api\Stock.Api.csproj", "{15253275-FECB-4F2F-901C-634766AD8DDB}"
EndProject
Global
	GlobalSection(SolutionConfigurationPlatforms) = preSolution
		Debug|Any CPU = Debug|Any CPU
		Release|Any CPU = Release|Any CPU
	EndGlobalSection
	GlobalSection(ProjectConfigurationPlatforms) = postSolution
		{9BF33137-E3AD-457C-9A69-D0B449CBCBE7}.Debug|Any CPU.ActiveCfg = Debug|Any CPU
		{9BF33137-E3AD-457C-9A69-D0B449CBCBE7}.Debug|Any CPU.Build.0 = Debug|Any CPU
		{9BF33137-E3AD-457C-9A69-D0B449CBCBE7}.Release|Any CPU.ActiveCfg = Release|Any CPU
		{9BF33137-E3AD-457C-9A69-D0B449CBCBE7}.Release|Any CPU.Build.0 = Release|Any CPU
		{697072E3-33E2-473C-BE4F-3FC1A5DC4183}.Debug|Any CPU.ActiveCfg = Debug|Any CPU
		{697072E3-33E2-473C-BE4F-3FC1A5DC4183}.Debug|Any CPU.Build.0 = Debug|Any CPU
		{697072E3-33E2-473C-BE4F-3FC1A5DC4183}.Release|Any CPU.ActiveCfg = Release|Any CPU
		{697072E3-33E2-473C-BE4F-3FC1A5DC4183}.Release|Any CPU.Build.0 = Release|Any CPU
		{F2002448-42A3-4ACC-80E9-6638C7CF52CD}.Debug|Any CPU.ActiveCfg = Debug|Any CPU
		{F2002448-42A3-4ACC-80E9-6638C7CF52CD}.Debug|Any CPU.Build.0 = Debug|Any CPU
		{F2002448-42A3-4ACC-80E9-6638C7CF52CD}.Release|Any CPU.ActiveCfg = Release|Any CPU
		{F2002448-42A3-4ACC-80E9-6638C7CF52CD}.Release|Any CPU.Build.0 = Release|Any CPU
		{E950DCD9-23EA-447D-B711-1A1D561405F0}.Debug|Any CPU.ActiveCfg = Debug|Any CPU
		{E950DCD9-23EA-447D-B711-1A1D561405F0}.Debug|Any CPU.Build.0 = Debug|Any CPU
		{E950DCD9-23EA-447D-B711-1A1D561405F0}.Release|Any CPU.ActiveCfg = Release|Any CPU
		{E950DCD9-23EA-447D-B711-1A1D561405F0}.Release|Any CPU.Build.0 = Release|Any CPU
		{2C0BC053-854E-4AB0-AFB1-D37BC41CF458}.Debug|Any CPU.ActiveCfg = Debug|Any CPU
		{2C0BC053-854E-4AB0-AFB1-D37BC41CF458}.Debug|Any CPU.Build.0 = Debug|Any CPU
		{2C0BC053-854E-4AB0-AFB1-D37BC41CF458}.Release|Any CPU.ActiveCfg = Release|Any CPU
		{2C0BC053-854E-4AB0-AFB1-D37BC41CF458}.Release|Any CPU.Build.0 = Release|Any CPU
		{2992150A-091A-47E1-B89B-0EA3104C4BA5}.Debug|Any CPU.ActiveCfg = Debug|Any CPU
		{2992150A-091A-47E1-B89B-0EA3104C4BA5}.Debug|Any CPU.Build.0 = Debug|Any CPU
		{2992150A-091A-47E1-B89B-0EA3104C4BA5}.Release|Any CPU.ActiveCfg = Release|Any CPU
		{2992150A-091A-47E1-B89B-0EA3104C4BA5}.Release|Any CPU.Build.0 = Release|Any CPU
		{25A69089-BC06-4413-B708-E3FDCD49B884}.Debug|Any CPU.ActiveCfg = Debug|Any CPU
		{25A69089-BC06-4413-B708-E3FDCD49B884}.Debug|Any CPU.Build.0 = Debug|Any CPU
		{25A69089-BC06-4413-B708-E3FDCD49B884}.Release|Any CPU.ActiveCfg = Release|Any CPU
		{25A69089-BC06-4413-B708-E3FDCD49B884}.Release|Any CPU.Build.0 = Release|Any CPU
		{D0BB0C69-F266-43C7-8898-C2E3F64BB835}.Debug|Any CPU.ActiveCfg = Debug|Any CPU
		{D0BB0C69-F266-43C7-8898-C2E3F64BB835}.Debug|Any CPU.Build.0 = Debug|Any CPU
		{D0BB0C69-F266-43C7-8898-C2E3F64BB835}.Release|Any CPU.ActiveCfg = Release|Any CPU
		{D0BB0C69-F266-43C7-8898-C2E3F64BB835}.Release|Any CPU.Build.0 = Release|Any CPU
		{4046583D-2BF4-4563-9774-FA1874CE2D6C}.Debug|Any CPU.ActiveCfg = Debug|Any CPU
		{4046583D-2BF4-4563-9774-FA1874CE2D6C}.Debug|Any CPU.Build.0 = Debug|Any CPU
		{4046583D-2BF4-4563-9774-FA1874CE2D6C}.Release|Any CPU.ActiveCfg = Release|Any CPU
		{4046583D-2BF4-4563-9774-FA1874CE2D6C}.Release|Any CPU.Build.0 = Release|Any CPU
		{15253275-FECB-4F2F-901C-634766AD8DDB}.Debug|Any CPU.ActiveCfg = Debug|Any CPU
		{15253275-FECB-4F2F-901C-634766AD8DDB}.Debug|Any CPU.Build.0 = Debug|Any CPU
		{15253275-FECB-4F2F-901C-634766AD8DDB}.Release|Any CPU.ActiveCfg = Release|Any CPU
		{15253275-FECB-4F2F-901C-634766AD8DDB}.Release|Any CPU.Build.0 = Release|Any CPU
	EndGlobalSection
	GlobalSection(NestedProjects) = preSolution
		{8D992B8B-96AE-4C22-8289-D088A8A5625D} = {512FA1F7-64BF-4BB8-B38E-0C23C1E0BD2A}
		{9BF33137-E3AD-457C-9A69-D0B449CBCBE7} = {8D992B8B-96AE-4C22-8289-D088A8A5625D}
		{697072E3-33E2-473C-BE4F-3FC1A5DC4183} = {8D992B8B-96AE-4C22-8289-D088A8A5625D}
		{F2002448-42A3-4ACC-80E9-6638C7CF52CD} = {8D992B8B-96AE-4C22-8289-D088A8A5625D}
		{E950DCD9-23EA-447D-B711-1A1D561405F0} = {8D992B8B-96AE-4C22-8289-D088A8A5625D}
		{2C0BC053-854E-4AB0-AFB1-D37BC41CF458} = {953FF020-CCA3-4E7B-8919-2EBF1D3BBC1A}
		{B9B595C9-88A0-41D7-BB78-D90621113095} = {512FA1F7-64BF-4BB8-B38E-0C23C1E0BD2A}
		{2992150A-091A-47E1-B89B-0EA3104C4BA5} = {B9B595C9-88A0-41D7-BB78-D90621113095}
		{25A69089-BC06-4413-B708-E3FDCD49B884} = {B9B595C9-88A0-41D7-BB78-D90621113095}
		{D0BB0C69-F266-43C7-8898-C2E3F64BB835} = {B9B595C9-88A0-41D7-BB78-D90621113095}
		{4046583D-2BF4-4563-9774-FA1874CE2D6C} = {B9B595C9-88A0-41D7-BB78-D90621113095}
		{15253275-FECB-4F2F-901C-634766AD8DDB} = {B9B595C9-88A0-41D7-BB78-D90621113095}
	EndGlobalSection
EndGlobal
